
Microsoft Visual Studio Solution File, Format Version 12.00
# Visual Studio Version 17
VisualStudioVersion = 17.12.35527.113 d17.12
MinimumVisualStudioVersion = 10.0.40219.1
Project("{FAE04EC0-301F-11D3-BF4B-00C04F79EFBC}") = "C# FINAL 2", "C# FINAL 2\C# FINAL 2.csproj", "{6502F153-2E11-4E84-B4EF-4CE95D717EF8}"
EndProject
Global
	GlobalSection(SolutionConfigurationPlatforms) = preSolution
		Debug|Any CPU = Debug|Any CPU
		Release|Any CPU = Release|Any CPU
	EndGlobalSection
	GlobalSection(ProjectConfigurationPlatforms) = postSolution
		{6502F153-2E11-4E84-B4EF-4CE95D717EF8}.Debug|Any CPU.ActiveCfg = Debug|Any CPU
		{6502F153-2E11-4E84-B4EF-4CE95D717EF8}.Debug|Any CPU.Build.0 = Debug|Any CPU
		{6502F153-2E11-4E84-B4EF-4CE95D717EF8}.Release|Any CPU.ActiveCfg = Release|Any CPU
		{6502F153-2E11-4E84-B4EF-4CE95D717EF8}.Release|Any CPU.Build.0 = Release|Any CPU
	EndGlobalSection
	GlobalSection(SolutionProperties) = preSolution
		HideSolutionNode = FALSE
	EndGlobalSection
EndGlobal
